# THIS IS AN AUTOGENERATED FILE. DO NOT EDIT THIS FILE DIRECTLY.
# yarn lockfile v1


"@babel/code-frame@^7.8.3":
  version "7.10.4"
  resolved "https://r.cnpmjs.org/@babel/code-frame/download/@babel/code-frame-7.10.4.tgz#168da1a36e90da68ae8d49c0f1b48c7c6249213a"
  integrity sha1-Fo2ho26Q2miujUnA8bSMfGJJITo=
  dependencies:
    "@babel/highlight" "^7.10.4"

"@babel/helper-validator-identifier@^7.10.4":
  version "7.10.4"
  resolved "https://r.cnpmjs.org/@babel/helper-validator-identifier/download/@babel/helper-validator-identifier-7.10.4.tgz#a78c7a7251e01f616512d31b10adcf52ada5e0d2"
  integrity sha1-p4x6clHgH2FlEtMbEK3PUq2l4NI=

"@babel/highlight@^7.10.4":
  version "7.10.4"
  resolved "https://r.cnpmjs.org/@babel/highlight/download/@babel/highlight-7.10.4.tgz#7d1bdfd65753538fabe6c38596cdb76d9ac60143"
  integrity sha1-fRvf1ldTU4+r5sOFls23bZrGAUM=
  dependencies:
    "@babel/helper-validator-identifier" "^7.10.4"
    chalk "^2.0.0"
    js-tokens "^4.0.0"

"@babel/runtime@^7.9.6":
  version "7.10.5"
  resolved "https://r.cnpmjs.org/@babel/runtime/download/@babel/runtime-7.10.5.tgz#303d8bd440ecd5a491eae6117fd3367698674c5c"
  integrity sha1-MD2L1EDs1aSR6uYRf9M2dphnTFw=
  dependencies:
    regenerator-runtime "^0.13.4"

"@rollup/plugin-commonjs@^14.0.0":
  version "14.0.0"
  resolved "https://r.cnpmjs.org/@rollup/plugin-commonjs/download/@rollup/plugin-commonjs-14.0.0.tgz#4285f9ec2db686a31129e5a2b415c94aa1f836f0"
  integrity sha1-QoX57C22hqMRKeWitBXJSqH4NvA=
  dependencies:
    "@rollup/pluginutils" "^3.0.8"
    commondir "^1.0.1"
    estree-walker "^1.0.1"
    glob "^7.1.2"
    is-reference "^1.1.2"
    magic-string "^0.25.2"
    resolve "^1.11.0"

"@rollup/plugin-node-resolve@^8.4.0":
  version "8.4.0"
  resolved "https://r.cnpmjs.org/@rollup/plugin-node-resolve/download/@rollup/plugin-node-resolve-8.4.0.tgz#261d79a680e9dc3d86761c14462f24126ba83575"
  integrity sha1-Jh15poDp3D2GdhwURi8kEmuoNXU=
  dependencies:
    "@rollup/pluginutils" "^3.1.0"
    "@types/resolve" "1.17.1"
    builtin-modules "^3.1.0"
    deep-freeze "^0.0.1"
    deepmerge "^4.2.2"
    is-module "^1.0.0"
    resolve "^1.17.0"

"@rollup/pluginutils@^3.0.8", "@rollup/pluginutils@^3.1.0":
  version "3.1.0"
  resolved "https://r.cnpmjs.org/@rollup/pluginutils/download/@rollup/pluginutils-3.1.0.tgz#706b4524ee6dc8b103b3c995533e5ad680c02b9b"
  integrity sha1-cGtFJO5tyLEDs8mVUz5a1oDAK5s=
  dependencies:
    "@types/estree" "0.0.39"
    estree-walker "^1.0.1"
    picomatch "^2.2.2"

"@types/estree@*":
  version "0.0.45"
  resolved "https://r.cnpmjs.org/@types/estree/download/@types/estree-0.0.45.tgz#e9387572998e5ecdac221950dab3e8c3b16af884"
  integrity sha1-6Th1cpmOXs2sIhlQ2rPow7Fq+IQ=

"@types/estree@0.0.39":
  version "0.0.39"
  resolved "https://r.cnpmjs.org/@types/estree/download/@types/estree-0.0.39.tgz#e177e699ee1b8c22d23174caaa7422644389509f"
  integrity sha1-4Xfmme4bjCLSMXTKqnQiZEOJUJ8=

"@types/node@*":
  version "14.0.24"
  resolved "https://r.cnpmjs.org/@types/node/download/@types/node-14.0.24.tgz#b0f86f58564fa02a28b68f8b55d4cdec42e3b9d6"
  integrity sha1-sPhvWFZPoCooto+LVdTN7ELjudY=

"@types/resolve@1.17.1":
  version "1.17.1"
  resolved "https://r.cnpmjs.org/@types/resolve/download/@types/resolve-1.17.1.tgz#3afd6ad8967c77e4376c598a82ddd58f46ec45d6"
  integrity sha1-Ov1q2JZ8d+Q3bFmKgt3Vj0bsRdY=
  dependencies:
    "@types/node" "*"

accepts@~1.3.7:
  version "1.3.7"
  resolved "https://r.cnpmjs.org/accepts/download/accepts-1.3.7.tgz#531bc726517a3b2b41f850021c6cc15eaab507cd"
  integrity sha1-UxvHJlF6OytB+FACHGzBXqq1B80=
  dependencies:
    mime-types "~2.1.24"
    negotiator "0.6.2"

ansi-styles@^3.2.1:
  version "3.2.1"
  resolved "https://r.cnpmjs.org/ansi-styles/download/ansi-styles-3.2.1.tgz#41fbb20243e50b12be0f04b8dedbf07520ce841d"
  integrity sha1-QfuyAkPlCxK+DwS43tvwdSDOhB0=
  dependencies:
    color-convert "^1.9.0"

array-flatten@1.1.1:
  version "1.1.1"
  resolved "https://r.cnpmjs.org/array-flatten/download/array-flatten-1.1.1.tgz#9a5f699051b1e7073328f2a008968b64ea2955d2"
  integrity sha1-ml9pkFGx5wczKPKgCJaLZOopVdI=

balanced-match@^1.0.0:
  version "1.0.0"
  resolved "https://r.cnpmjs.org/balanced-match/download/balanced-match-1.0.0.tgz#89b4d199ab2bee49de164ea02b89ce462d71b767"
  integrity sha1-ibTRmasr7kneFk6gK4nORi1xt2c=

body-parser@1.19.0, body-parser@^1.19.0:
  version "1.19.0"
  resolved "https://r.cnpmjs.org/body-parser/download/body-parser-1.19.0.tgz#96b2709e57c9c4e09a6fd66a8fd979844f69f08a"
  integrity sha1-lrJwnlfJxOCab9Zqj9l5hE9p8Io=
  dependencies:
    bytes "3.1.0"
    content-type "~1.0.4"
    debug "2.6.9"
    depd "~1.1.2"
    http-errors "1.7.2"
    iconv-lite "0.4.24"
    on-finished "~2.3.0"
    qs "6.7.0"
    raw-body "2.4.0"
    type-is "~1.6.17"

brace-expansion@^1.1.7:
  version "1.1.11"
  resolved "https://r.cnpmjs.org/brace-expansion/download/brace-expansion-1.1.11.tgz#3c7fcbf529d87226f3d2f52b966ff5271eb441dd"
  integrity sha1-PH/L9SnYcibz0vUrlm/1Jx60Qd0=
  dependencies:
    balanced-match "^1.0.0"
    concat-map "0.0.1"

buffer-from@^1.0.0:
  version "1.1.1"
  resolved "https://r.cnpmjs.org/buffer-from/download/buffer-from-1.1.1.tgz#32713bc028f75c02fdb710d7c7bcec1f2c6070ef"
  integrity sha1-MnE7wCj3XAL9txDXx7zsHyxgcO8=

builtin-modules@^3.1.0:
  version "3.1.0"
  resolved "https://r.cnpmjs.org/builtin-modules/download/builtin-modules-3.1.0.tgz#aad97c15131eb76b65b50ef208e7584cd76a7484"
  integrity sha1-qtl8FRMet2tltQ7yCOdYTNdqdIQ=

bytes@3.1.0:
  version "3.1.0"
  resolved "https://r.cnpmjs.org/bytes/download/bytes-3.1.0.tgz#f6cf7933a360e0588fa9fde85651cdc7f805d1f6"
  integrity sha1-9s95M6Ng4FiPqf3oVlHNx/gF0fY=

chalk@^2.0.0:
  version "2.4.2"
  resolved "https://r.cnpmjs.org/chalk/download/chalk-2.4.2.tgz#cd42541677a54333cf541a49108c1432b44c9424"
  integrity sha1-zUJUFnelQzPPVBpJEIwUMrRMlCQ=
  dependencies:
    ansi-styles "^3.2.1"
    escape-string-regexp "^1.0.5"
    supports-color "^5.3.0"

color-convert@^1.9.0:
  version "1.9.3"
  resolved "https://r.cnpmjs.org/color-convert/download/color-convert-1.9.3.tgz#bb71850690e1f136567de629d2d5471deda4c1e8"
  integrity sha1-u3GFBpDh8TZWfeYp0tVHHe2kweg=
  dependencies:
    color-name "1.1.3"

color-name@1.1.3:
  version "1.1.3"
  resolved "https://r.cnpmjs.org/color-name/download/color-name-1.1.3.tgz#a7d0558bd89c42f795dd42328f740831ca53bc25"
  integrity sha1-p9BVi9icQveV3UIyj3QIMcpTvCU=

commander@^2.20.0:
  version "2.20.3"
  resolved "https://r.cnpmjs.org/commander/download/commander-2.20.3.tgz#fd485e84c03eb4881c20722ba48035e8531aeb33"
  integrity sha1-/UhehMA+tIgcIHIrpIA16FMa6zM=

commondir@^1.0.1:
  version "1.0.1"
  resolved "https://r.cnpmjs.org/commondir/download/commondir-1.0.1.tgz#ddd800da0c66127393cca5950ea968a3aaf1253b"
  integrity sha1-3dgA2gxmEnOTzKWVDqloo6rxJTs=

concat-map@0.0.1:
  version "0.0.1"
  resolved "https://r.cnpmjs.org/concat-map/download/concat-map-0.0.1.tgz#d8a96bd77fd68df7793a73036a3ba0d5405d477b"
  integrity sha1-2Klr13/Wjfd5OnMDajug1UBdR3s=

content-disposition@0.5.3:
  version "0.5.3"
  resolved "https://r.cnpmjs.org/content-disposition/download/content-disposition-0.5.3.tgz#e130caf7e7279087c5616c2007d0485698984fbd"
  integrity sha1-4TDK9+cnkIfFYWwgB9BIVpiYT70=
  dependencies:
    safe-buffer "5.1.2"

content-type@~1.0.4:
  version "1.0.4"
  resolved "https://r.cnpmjs.org/content-type/download/content-type-1.0.4.tgz#e138cc75e040c727b1966fe5e5f8c9aee256fe3b"
  integrity sha1-4TjMdeBAxyexlm/l5fjJruJW/js=

cookie-signature@1.0.6:
  version "1.0.6"
  resolved "https://r.cnpmjs.org/cookie-signature/download/cookie-signature-1.0.6.tgz#e303a882b342cc3ee8ca513a79999734dab3ae2c"
  integrity sha1-4wOogrNCzD7oylE6eZmXNNqzriw=

cookie@0.4.0:
  version "0.4.0"
  resolved "https://r.cnpmjs.org/cookie/download/cookie-0.4.0.tgz#beb437e7022b3b6d49019d088665303ebe9c14ba"
  integrity sha1-vrQ35wIrO21JAZ0IhmUwPr6cFLo=

debug@2.6.9:
  version "2.6.9"
  resolved "https://r.cnpmjs.org/debug/download/debug-2.6.9.tgz#5d128515df134ff327e90a4c93f4e077a536341f"
  integrity sha1-XRKFFd8TT/Mn6QpMk/Tgd6U2NB8=
  dependencies:
    ms "2.0.0"

deep-freeze@^0.0.1:
  version "0.0.1"
  resolved "https://r.cnpmjs.org/deep-freeze/download/deep-freeze-0.0.1.tgz#3a0b0005de18672819dfd38cd31f91179c893e84"
  integrity sha1-OgsABd4YZygZ39OM0x+RF5yJPoQ=

deepmerge@^4.2.2:
  version "4.2.2"
  resolved "https://r.cnpmjs.org/deepmerge/download/deepmerge-4.2.2.tgz#44d2ea3679b8f4d4ffba33f03d865fc1e7bf4955"
  integrity sha1-RNLqNnm49NT/ujPwPYZfwee/SVU=

depd@~1.1.2:
  version "1.1.2"
  resolved "https://r.cnpmjs.org/depd/download/depd-1.1.2.tgz#9bcd52e14c097763e749b274c4346ed2e560b5a9"
  integrity sha1-m81S4UwJd2PnSbJ0xDRu0uVgtak=

destroy@~1.0.4:
  version "1.0.4"
  resolved "https://r.cnpmjs.org/destroy/download/destroy-1.0.4.tgz#978857442c44749e4206613e37946205826abd80"
  integrity sha1-l4hXRCxEdJ5CBmE+N5RiBYJqvYA=

ee-first@1.1.1:
  version "1.1.1"
  resolved "https://r.cnpmjs.org/ee-first/download/ee-first-1.1.1.tgz#590c61156b0ae2f4f0255732a158b266bc56b21d"
  integrity sha1-WQxhFWsK4vTwJVcyoViyZrxWsh0=

encodeurl@~1.0.2:
  version "1.0.2"
  resolved "https://r.cnpmjs.org/encodeurl/download/encodeurl-1.0.2.tgz#ad3ff4c86ec2d029322f5a02c3a9a606c95b3f59"
  integrity sha1-rT/0yG7C0CkyL1oCw6mmBslbP1k=

escape-html@~1.0.3:
  version "1.0.3"
  resolved "https://r.cnpmjs.org/escape-html/download/escape-html-1.0.3.tgz#0258eae4d3d0c0974de1c169188ef0051d1d1988"
  integrity sha1-Aljq5NPQwJdN4cFpGI7wBR0dGYg=

escape-string-regexp@^1.0.5:
  version "1.0.5"
  resolved "https://r.cnpmjs.org/escape-string-regexp/download/escape-string-regexp-1.0.5.tgz#1b61c0562190a8dff6ae3bb2cf0200ca130b86d4"
  integrity sha1-G2HAViGQqN/2rjuyzwIAyhMLhtQ=

estree-walker@^1.0.1:
  version "1.0.1"
  resolved "https://r.cnpmjs.org/estree-walker/download/estree-walker-1.0.1.tgz#31bc5d612c96b704106b477e6dd5d8aa138cb700"
  integrity sha1-MbxdYSyWtwQQa0d+bdXYqhOMtwA=

etag@~1.8.1:
  version "1.8.1"
  resolved "https://r.cnpmjs.org/etag/download/etag-1.8.1.tgz#41ae2eeb65efa62268aebfea83ac7d79299b0887"
  integrity sha1-Qa4u62XvpiJorr/qg6x9eSmbCIc=

express@^4.17.1:
  version "4.17.1"
  resolved "https://r.cnpmjs.org/express/download/express-4.17.1.tgz#4491fc38605cf51f8629d39c2b5d026f98a4c134"
  integrity sha1-RJH8OGBc9R+GKdOcK10Cb5ikwTQ=
  dependencies:
    accepts "~1.3.7"
    array-flatten "1.1.1"
    body-parser "1.19.0"
    content-disposition "0.5.3"
    content-type "~1.0.4"
    cookie "0.4.0"
    cookie-signature "1.0.6"
    debug "2.6.9"
    depd "~1.1.2"
    encodeurl "~1.0.2"
    escape-html "~1.0.3"
    etag "~1.8.1"
    finalhandler "~1.1.2"
    fresh "0.5.2"
    merge-descriptors "1.0.1"
    methods "~1.1.2"
    on-finished "~2.3.0"
    parseurl "~1.3.3"
    path-to-regexp "0.1.7"
    proxy-addr "~2.0.5"
    qs "6.7.0"
    range-parser "~1.2.1"
    safe-buffer "5.1.2"
    send "0.17.1"
    serve-static "1.14.1"
    setprototypeof "1.1.1"
    statuses "~1.5.0"
    type-is "~1.6.18"
    utils-merge "1.0.1"
    vary "~1.1.2"

finalhandler@~1.1.2:
  version "1.1.2"
  resolved "https://r.cnpmjs.org/finalhandler/download/finalhandler-1.1.2.tgz#b7e7d000ffd11938d0fdb053506f6ebabe9f587d"
  integrity sha1-t+fQAP/RGTjQ/bBTUG9uur6fWH0=
  dependencies:
    debug "2.6.9"
    encodeurl "~1.0.2"
    escape-html "~1.0.3"
    on-finished "~2.3.0"
    parseurl "~1.3.3"
    statuses "~1.5.0"
    unpipe "~1.0.0"

fn-name@~3.0.0:
  version "3.0.0"
  resolved "https://r.cnpmjs.org/fn-name/download/fn-name-3.0.0.tgz#0596707f635929634d791f452309ab41558e3c5c"
  integrity sha1-BZZwf2NZKWNNeR9FIwmrQVWOPFw=

forwarded@~0.1.2:
  version "0.1.2"
  resolved "https://r.cnpmjs.org/forwarded/download/forwarded-0.1.2.tgz#98c23dab1175657b8c0573e8ceccd91b0ff18c84"
  integrity sha1-mMI9qxF1ZXuMBXPozszZGw/xjIQ=

fresh@0.5.2:
  version "0.5.2"
  resolved "https://r.cnpmjs.org/fresh/download/fresh-0.5.2.tgz#3d8cadd90d976569fa835ab1f8e4b23a105605a7"
  integrity sha1-PYyt2Q2XZWn6g1qx+OSyOhBWBac=

fs.realpath@^1.0.0:
  version "1.0.0"
  resolved "https://r.cnpmjs.org/fs.realpath/download/fs.realpath-1.0.0.tgz#1504ad2523158caa40db4a2787cb01411994ea4f"
  integrity sha1-FQStJSMVjKpA20onh8sBQRmU6k8=

fsevents@~2.1.2:
  version "2.1.3"
  resolved "https://r.cnpmjs.org/fsevents/download/fsevents-2.1.3.tgz#fb738703ae8d2f9fe900c33836ddebee8b97f23e"
  integrity sha1-+3OHA66NL5/pAMM4Nt3r7ouX8j4=

glob@^7.1.2:
  version "7.1.6"
  resolved "https://r.cnpmjs.org/glob/download/glob-7.1.6.tgz#141f33b81a7c2492e125594307480c46679278a6"
  integrity sha1-FB8zuBp8JJLhJVlDB0gMRmeSeKY=
  dependencies:
    fs.realpath "^1.0.0"
    inflight "^1.0.4"
    inherits "2"
    minimatch "^3.0.4"
    once "^1.3.0"
    path-is-absolute "^1.0.0"

has-flag@^3.0.0:
  version "3.0.0"
  resolved "https://r.cnpmjs.org/has-flag/download/has-flag-3.0.0.tgz#b5d454dc2199ae225699f3467e5a07f3b955bafd"
  integrity sha1-tdRU3CGZriJWmfNGfloH87lVuv0=

has-flag@^4.0.0:
  version "4.0.0"
  resolved "https://r.cnpmjs.org/has-flag/download/has-flag-4.0.0.tgz#944771fd9c81c81265c4d6941860da06bb59479b"
  integrity sha1-lEdx/ZyByBJlxNaUGGDaBrtZR5s=

http-errors@1.7.2:
  version "1.7.2"
  resolved "https://r.cnpmjs.org/http-errors/download/http-errors-1.7.2.tgz#4f5029cf13239f31036e5b2e55292bcfbcc85c8f"
  integrity sha1-T1ApzxMjnzEDblsuVSkrz7zIXI8=
  dependencies:
    depd "~1.1.2"
    inherits "2.0.3"
    setprototypeof "1.1.1"
    statuses ">= 1.5.0 < 2"
    toidentifier "1.0.0"

http-errors@~1.7.2:
  version "1.7.3"
  resolved "https://r.cnpmjs.org/http-errors/download/http-errors-1.7.3.tgz#6c619e4f9c60308c38519498c14fbb10aacebb06"
  integrity sha1-bGGeT5xgMIw4UZSYwU+7EKrOuwY=
  dependencies:
    depd "~1.1.2"
    inherits "2.0.4"
    setprototypeof "1.1.1"
    statuses ">= 1.5.0 < 2"
    toidentifier "1.0.0"

iconv-lite@0.4.24:
  version "0.4.24"
  resolved "https://r.cnpmjs.org/iconv-lite/download/iconv-lite-0.4.24.tgz#2022b4b25fbddc21d2f524974a474aafe733908b"
  integrity sha1-ICK0sl+93CHS9SSXSkdKr+czkIs=
  dependencies:
    safer-buffer ">= 2.1.2 < 3"

inflight@^1.0.4:
  version "1.0.6"
  resolved "https://r.cnpmjs.org/inflight/download/inflight-1.0.6.tgz#49bd6331d7d02d0c09bc910a1075ba8165b56df9"
  integrity sha1-Sb1jMdfQLQwJvJEKEHW6gWW1bfk=
  dependencies:
    once "^1.3.0"
    wrappy "1"

inherits@2, inherits@2.0.4:
  version "2.0.4"
  resolved "https://r.cnpmjs.org/inherits/download/inherits-2.0.4.tgz#0fa2c64f932917c3433a0ded55363aae37416b7c"
  integrity sha1-D6LGT5MpF8NDOg3tVTY6rjdBa3w=

inherits@2.0.3:
  version "2.0.3"
  resolved "https://r.cnpmjs.org/inherits/download/inherits-2.0.3.tgz#633c2c83e3da42a502f52466022480f4208261de"
  integrity sha1-Yzwsg+PaQqUC9SRmAiSA9CCCYd4=

ipaddr.js@1.9.1:
  version "1.9.1"
  resolved "https://r.cnpmjs.org/ipaddr.js/download/ipaddr.js-1.9.1.tgz#bff38543eeb8984825079ff3a2a8e6cbd46781b3"
  integrity sha1-v/OFQ+64mEglB5/zoqjmy9RngbM=

is-module@^1.0.0:
  version "1.0.0"
  resolved "https://r.cnpmjs.org/is-module/download/is-module-1.0.0.tgz#3258fb69f78c14d5b815d664336b4cffb6441591"
  integrity sha1-Mlj7afeMFNW4FdZkM2tM/7ZEFZE=

is-reference@^1.1.2:
  version "1.2.1"
  resolved "https://r.cnpmjs.org/is-reference/download/is-reference-1.2.1.tgz#8b2dac0b371f4bc994fdeaba9eb542d03002d0b7"
  integrity sha1-iy2sCzcfS8mU/eq6nrVC0DAC0Lc=
  dependencies:
    "@types/estree" "*"

jest-worker@^26.0.0:
  version "26.1.0"
  resolved "https://r.cnpmjs.org/jest-worker/download/jest-worker-26.1.0.tgz#65d5641af74e08ccd561c240e7db61284f82f33d"
  integrity sha1-ZdVkGvdOCMzVYcJA59thKE+C8z0=
  dependencies:
    merge-stream "^2.0.0"
    supports-color "^7.0.0"

js-tokens@^4.0.0:
  version "4.0.0"
  resolved "https://r.cnpmjs.org/js-tokens/download/js-tokens-4.0.0.tgz#19203fb59991df98e3a287050d4647cdeaf32499"
  integrity sha1-GSA/tZmR35jjoocFDUZHzerzJJk=

lodash-es@^4.17.11:
  version "4.17.15"
  resolved "https://r.cnpmjs.org/lodash-es/download/lodash-es-4.17.15.tgz#21bd96839354412f23d7a10340e5eac6ee455d78"
  integrity sha1-Ib2Wg5NUQS8j16EDQOXqxu5FXXg=

lodash@^4.17.15:
  version "4.17.19"
  resolved "https://r.cnpmjs.org/lodash/download/lodash-4.17.19.tgz#e48ddedbe30b3321783c5b4301fbd353bc1e4a4b"
  integrity sha1-5I3e2+MLMyF4PFtDAfvTU7weSks=

magic-string@^0.25.2:
  version "0.25.7"
  resolved "https://r.cnpmjs.org/magic-string/download/magic-string-0.25.7.tgz#3f497d6fd34c669c6798dcb821f2ef31f5445051"
  integrity sha1-P0l9b9NMZpxnmNy4IfLvMfVEUFE=
  dependencies:
    sourcemap-codec "^1.4.4"

media-typer@0.3.0:
  version "0.3.0"
  resolved "https://r.cnpmjs.org/media-typer/download/media-typer-0.3.0.tgz#8710d7af0aa626f8fffa1ce00168545263255748"
  integrity sha1-hxDXrwqmJvj/+hzgAWhUUmMlV0g=

merge-descriptors@1.0.1:
  version "1.0.1"
  resolved "https://r.cnpmjs.org/merge-descriptors/download/merge-descriptors-1.0.1.tgz#b00aaa556dd8b44568150ec9d1b953f3f90cbb61"
  integrity sha1-sAqqVW3YtEVoFQ7J0blT8/kMu2E=

merge-stream@^2.0.0:
  version "2.0.0"
  resolved "https://r.cnpmjs.org/merge-stream/download/merge-stream-2.0.0.tgz#52823629a14dd00c9770fb6ad47dc6310f2c1f60"
  integrity sha1-UoI2KaFN0AyXcPtq1H3GMQ8sH2A=

methods@~1.1.2:
  version "1.1.2"
  resolved "https://r.cnpmjs.org/methods/download/methods-1.1.2.tgz#5529a4d67654134edcc5266656835b0f851afcee"
  integrity sha1-VSmk1nZUE07cxSZmVoNbD4Ua/O4=

mime-db@1.44.0:
  version "1.44.0"
  resolved "https://r.cnpmjs.org/mime-db/download/mime-db-1.44.0.tgz#fa11c5eb0aca1334b4233cb4d52f10c5a6272f92"
  integrity sha1-+hHF6wrKEzS0Izy01S8QxaYnL5I=

mime-types@~2.1.24:
  version "2.1.27"
  resolved "https://r.cnpmjs.org/mime-types/download/mime-types-2.1.27.tgz#47949f98e279ea53119f5722e0f34e529bec009f"
  integrity sha1-R5SfmOJ56lMRn1ci4PNOUpvsAJ8=
  dependencies:
    mime-db "1.44.0"

mime@1.6.0:
  version "1.6.0"
  resolved "https://r.cnpmjs.org/mime/download/mime-1.6.0.tgz#32cd9e5c64553bd58d19a568af452acff04981b1"
  integrity sha1-Ms2eXGRVO9WNGaVor0Uqz/BJgbE=

minimatch@^3.0.4:
  version "3.0.4"
  resolved "https://r.cnpmjs.org/minimatch/download/minimatch-3.0.4.tgz#5166e286457f03306064be5497e8dbb0c3d32083"
  integrity sha1-UWbihkV/AzBgZL5Ul+jbsMPTIIM=
  dependencies:
    brace-expansion "^1.1.7"

ms@2.0.0:
  version "2.0.0"
  resolved "https://r.cnpmjs.org/ms/download/ms-2.0.0.tgz#5608aeadfc00be6c2901df5f9861788de0d597c8"
  integrity sha1-VgiurfwAvmwpAd9fmGF4jeDVl8g=

ms@2.1.1:
  version "2.1.1"
  resolved "https://r.cnpmjs.org/ms/download/ms-2.1.1.tgz#30a5864eb3ebb0a66f2ebe6d727af06a09d86e0a"
  integrity sha1-MKWGTrPrsKZvLr5tcnrwagnYbgo=

negotiator@0.6.2:
  version "0.6.2"
  resolved "https://r.cnpmjs.org/negotiator/download/negotiator-0.6.2.tgz#feacf7ccf525a77ae9634436a64883ffeca346fb"
  integrity sha1-/qz3zPUlp3rpY0Q2pkiD/+yjRvs=

on-finished@~2.3.0:
  version "2.3.0"
  resolved "https://r.cnpmjs.org/on-finished/download/on-finished-2.3.0.tgz#20f1336481b083cd75337992a16971aa2d906947"
  integrity sha1-IPEzZIGwg811M3mSoWlxqi2QaUc=
  dependencies:
    ee-first "1.1.1"

once@^1.3.0:
  version "1.4.0"
  resolved "https://r.cnpmjs.org/once/download/once-1.4.0.tgz#583b1aa775961d4b113ac17d9c50baef9dd76bd1"
  integrity sha1-WDsap3WWHUsROsF9nFC6753Xa9E=
  dependencies:
    wrappy "1"

parseurl@~1.3.3:
  version "1.3.3"
  resolved "https://r.cnpmjs.org/parseurl/download/parseurl-1.3.3.tgz#9da19e7bee8d12dff0513ed5b76957793bc2e8d4"
  integrity sha1-naGee+6NEt/wUT7Vt2lXeTvC6NQ=

path-is-absolute@^1.0.0:
  version "1.0.1"
  resolved "https://r.cnpmjs.org/path-is-absolute/download/path-is-absolute-1.0.1.tgz#174b9268735534ffbc7ace6bf53a5a9e1b5c5f5f"
  integrity sha1-F0uSaHNVNP+8es5r9TpanhtcX18=

path-parse@^1.0.6:
  version "1.0.6"
  resolved "https://r.cnpmjs.org/path-parse/download/path-parse-1.0.6.tgz#d62dbb5679405d72c4737ec58600e9ddcf06d24c"
  integrity sha1-1i27VnlAXXLEc37FhgDp3c8G0kw=

path-to-regexp@0.1.7:
  version "0.1.7"
  resolved "https://r.cnpmjs.org/path-to-regexp/download/path-to-regexp-0.1.7.tgz#df604178005f522f15eb4490e7247a1bfaa67f8c"
  integrity sha1-32BBeABfUi8V60SQ5yR6G/qmf4w=

picomatch@^2.2.2:
  version "2.2.2"
  resolved "https://r.cnpmjs.org/picomatch/download/picomatch-2.2.2.tgz#21f333e9b6b8eaff02468f5146ea406d345f4dad"
  integrity sha1-IfMz6ba46v8CRo9RRupAbTRfTa0=

property-expr@^2.0.2:
  version "2.0.2"
  resolved "https://r.cnpmjs.org/property-expr/download/property-expr-2.0.2.tgz#fff2a43919135553a3bc2fdd94bdb841965b2330"
  integrity sha1-//KkORkTVVOjvC/dlL24QZZbIzA=

proxy-addr@~2.0.5:
  version "2.0.6"
  resolved "https://r.cnpmjs.org/proxy-addr/download/proxy-addr-2.0.6.tgz#fdc2336505447d3f2f2c638ed272caf614bbb2bf"
  integrity sha1-/cIzZQVEfT8vLGOO0nLK9hS7sr8=
  dependencies:
    forwarded "~0.1.2"
    ipaddr.js "1.9.1"

qs@6.7.0:
  version "6.7.0"
  resolved "https://r.cnpmjs.org/qs/download/qs-6.7.0.tgz#41dc1a015e3d581f1621776be31afb2876a9b1bc"
  integrity sha1-QdwaAV49WB8WIXdr4xr7KHapsbw=

randombytes@^2.1.0:
  version "2.1.0"
  resolved "https://r.cnpmjs.org/randombytes/download/randombytes-2.1.0.tgz#df6f84372f0270dc65cdf6291349ab7a473d4f2a"
  integrity sha1-32+ENy8CcNxlzfYpE0mrekc9Tyo=
  dependencies:
    safe-buffer "^5.1.0"

range-parser@~1.2.1:
  version "1.2.1"
  resolved "https://r.cnpmjs.org/range-parser/download/range-parser-1.2.1.tgz#3cf37023d199e1c24d1a55b84800c2f3e6468031"
  integrity sha1-PPNwI9GZ4cJNGlW4SADC8+ZGgDE=

raw-body@2.4.0:
  version "2.4.0"
  resolved "https://r.cnpmjs.org/raw-body/download/raw-body-2.4.0.tgz#a1ce6fb9c9bc356ca52e89256ab59059e13d0332"
  integrity sha1-oc5vucm8NWylLoklarWQWeE9AzI=
  dependencies:
    bytes "3.1.0"
    http-errors "1.7.2"
    iconv-lite "0.4.24"
    unpipe "1.0.0"

regenerator-runtime@^0.13.4:
  version "0.13.6"
  resolved "https://r.cnpmjs.org/regenerator-runtime/download/regenerator-runtime-0.13.6.tgz#d236043c46ffab2968c1ef651803d8acdea8ed65"
  integrity sha1-0jYEPEb/qylowe9lGAPYrN6o7WU=

resolve@^1.11.0, resolve@^1.17.0:
  version "1.17.0"
  resolved "https://r.cnpmjs.org/resolve/download/resolve-1.17.0.tgz#b25941b54968231cc2d1bb76a79cb7f2c0bf8444"
  integrity sha1-sllBtUloIxzC0bt2p5y38sC/hEQ=
  dependencies:
    path-parse "^1.0.6"

rollup-plugin-terser@^6.1.0:
  version "6.1.0"
  resolved "https://r.cnpmjs.org/rollup-plugin-terser/download/rollup-plugin-terser-6.1.0.tgz#071866585aea104bfbb9dd1019ac523e63c81e45"
  integrity sha1-BxhmWFrqEEv7ud0QGaxSPmPIHkU=
  dependencies:
    "@babel/code-frame" "^7.8.3"
    jest-worker "^26.0.0"
    serialize-javascript "^3.0.0"
    terser "^4.7.0"

rollup@^2.22.2:
  version "2.22.2"
  resolved "https://r.cnpmjs.org/rollup/download/rollup-2.22.2.tgz#94d51fc8c30a2e545d1ff6358cc4fa14131332ee"
  integrity sha1-lNUfyMMKLlRdH/Y1jMT6FBMTMu4=
  optionalDependencies:
    fsevents "~2.1.2"

safe-buffer@5.1.2:
  version "5.1.2"
  resolved "https://r.cnpmjs.org/safe-buffer/download/safe-buffer-5.1.2.tgz#991ec69d296e0313747d59bdfd2b745c35f8828d"
  integrity sha1-mR7GnSluAxN0fVm9/St0XDX4go0=

safe-buffer@^5.1.0:
  version "5.2.1"
  resolved "https://r.cnpmjs.org/safe-buffer/download/safe-buffer-5.2.1.tgz#1eaf9fa9bdb1fdd4ec75f58f9cdb4e6b7827eec6"
  integrity sha1-Hq+fqb2x/dTsdfWPnNtOa3gn7sY=

"safer-buffer@>= 2.1.2 < 3":
  version "2.1.2"
  resolved "https://r.cnpmjs.org/safer-buffer/download/safer-buffer-2.1.2.tgz#44fa161b0187b9549dd84bb91802f9bd8385cd6a"
  integrity sha1-RPoWGwGHuVSd2Eu5GAL5vYOFzWo=

send@0.17.1:
  version "0.17.1"
  resolved "https://r.cnpmjs.org/send/download/send-0.17.1.tgz#c1d8b059f7900f7466dd4938bdc44e11ddb376c8"
  integrity sha1-wdiwWfeQD3Rm3Uk4vcROEd2zdsg=
  dependencies:
    debug "2.6.9"
    depd "~1.1.2"
    destroy "~1.0.4"
    encodeurl "~1.0.2"
    escape-html "~1.0.3"
    etag "~1.8.1"
    fresh "0.5.2"
    http-errors "~1.7.2"
    mime "1.6.0"
    ms "2.1.1"
    on-finished "~2.3.0"
    range-parser "~1.2.1"
    statuses "~1.5.0"

serialize-javascript@^3.0.0:
  version "3.1.0"
  resolved "https://r.cnpmjs.org/serialize-javascript/download/serialize-javascript-3.1.0.tgz#8bf3a9170712664ef2561b44b691eafe399214ea"
  integrity sha1-i/OpFwcSZk7yVhtEtpHq/jmSFOo=
  dependencies:
    randombytes "^2.1.0"

serve-static@1.14.1:
  version "1.14.1"
  resolved "https://r.cnpmjs.org/serve-static/download/serve-static-1.14.1.tgz#666e636dc4f010f7ef29970a88a674320898b2f9"
  integrity sha1-Zm5jbcTwEPfvKZcKiKZ0MgiYsvk=
  dependencies:
    encodeurl "~1.0.2"
    escape-html "~1.0.3"
    parseurl "~1.3.3"
    send "0.17.1"

setprototypeof@1.1.1:
  version "1.1.1"
  resolved "https://r.cnpmjs.org/setprototypeof/download/setprototypeof-1.1.1.tgz#7e95acb24aa92f5885e0abef5ba131330d4ae683"
  integrity sha1-fpWsskqpL1iF4KvvW6ExMw1K5oM=

source-map-support@~0.5.12:
  version "0.5.19"
  resolved "https://r.cnpmjs.org/source-map-support/download/source-map-support-0.5.19.tgz#a98b62f86dcaf4f67399648c085291ab9e8fed61"
  integrity sha1-qYti+G3K9PZzmWSMCFKRq56P7WE=
  dependencies:
    buffer-from "^1.0.0"
    source-map "^0.6.0"

source-map@^0.6.0, source-map@~0.6.1:
  version "0.6.1"
  resolved "https://r.cnpmjs.org/source-map/download/source-map-0.6.1.tgz#74722af32e9614e9c287a8d0bbde48b5e2f1a263"
  integrity sha1-dHIq8y6WFOnCh6jQu95IteLxomM=

sourcemap-codec@^1.4.4:
  version "1.4.8"
  resolved "https://r.cnpmjs.org/sourcemap-codec/download/sourcemap-codec-1.4.8.tgz#ea804bd94857402e6992d05a38ef1ae35a9ab4c4"
  integrity sha1-6oBL2UhXQC5pktBaOO8a41qatMQ=

"statuses@>= 1.5.0 < 2", statuses@~1.5.0:
  version "1.5.0"
  resolved "https://r.cnpmjs.org/statuses/download/statuses-1.5.0.tgz#161c7dac177659fd9811f43771fa99381478628c"
  integrity sha1-Fhx9rBd2Wf2YEfQ3cfqZOBR4Yow=

supports-color@^5.3.0:
  version "5.5.0"
  resolved "https://r.cnpmjs.org/supports-color/download/supports-color-5.5.0.tgz#e2e69a44ac8772f78a1ec0b35b689df6530efc8f"
  integrity sha1-4uaaRKyHcveKHsCzW2id9lMO/I8=
  dependencies:
    has-flag "^3.0.0"

supports-color@^7.0.0:
  version "7.1.0"
  resolved "https://r.cnpmjs.org/supports-color/download/supports-color-7.1.0.tgz#68e32591df73e25ad1c4b49108a2ec507962bfd1"
  integrity sha1-aOMlkd9z4lrRxLSRCKLsUHliv9E=
  dependencies:
    has-flag "^4.0.0"

synchronous-promise@^2.0.10:
  version "2.0.13"
  resolved "https://r.cnpmjs.org/synchronous-promise/download/synchronous-promise-2.0.13.tgz#9d8c165ddee69c5a6542862b405bc50095926702"
  integrity sha1-nYwWXd7mnFplQoYrQFvFAJWSZwI=

terser@^4.7.0:
  version "4.8.0"
  resolved "https://r.cnpmjs.org/terser/download/terser-4.8.0.tgz#63056343d7c70bb29f3af665865a46fe03a0df17"
  integrity sha1-YwVjQ9fHC7KfOvZlhlpG/gOg3xc=
  dependencies:
    commander "^2.20.0"
    source-map "~0.6.1"
    source-map-support "~0.5.12"

toidentifier@1.0.0:
  version "1.0.0"
  resolved "https://r.cnpmjs.org/toidentifier/download/toidentifier-1.0.0.tgz#7e1be3470f1e77948bc43d94a3c8f4d7752ba553"
  integrity sha1-fhvjRw8ed5SLxD2Uo8j013UrpVM=

toposort@^2.0.2:
  version "2.0.2"
  resolved "https://r.cnpmjs.org/toposort/download/toposort-2.0.2.tgz#ae21768175d1559d48bef35420b2f4962f09c330"
  integrity sha1-riF2gXXRVZ1IvvNUILL0li8JwzA=

type-is@~1.6.17, type-is@~1.6.18:
  version "1.6.18"
  resolved "https://r.cnpmjs.org/type-is/download/type-is-1.6.18.tgz#4e552cd05df09467dcbc4ef739de89f2cf37c131"
  integrity sha1-TlUs0F3wlGfcvE73Od6J8s83wTE=
  dependencies:
    media-typer "0.3.0"
    mime-types "~2.1.24"

unpipe@1.0.0, unpipe@~1.0.0:
  version "1.0.0"
  resolved "https://r.cnpmjs.org/unpipe/download/unpipe-1.0.0.tgz#b2bf4ee8514aae6165b4817829d21b2ef49904ec"
  integrity sha1-sr9O6FFKrmFltIF4KdIbLvSZBOw=

utils-merge@1.0.1:
  version "1.0.1"
  resolved "https://r.cnpmjs.org/utils-merge/download/utils-merge-1.0.1.tgz#9f95710f50a267947b2ccc124741c1028427e713"
  integrity sha1-n5VxD1CiZ5R7LMwSR0HBAoQn5xM=

vary@~1.1.2:
  version "1.1.2"
  resolved "https://r.cnpmjs.org/vary/download/vary-1.1.2.tgz#2299f02c6ded30d4a5961b0b9f74524a18f634fc"
  integrity sha1-IpnwLG3tMNSllhsLn3RSShj2NPw=

wrappy@1:
  version "1.0.2"
  resolved "https://r.cnpmjs.org/wrappy/download/wrappy-1.0.2.tgz#b5243d8f3ec1aa35f1364605bc0d1036e30ab69f"
  integrity sha1-tSQ9jz7BqjXxNkYFvA0QNuMKtp8=

yup@^0.29.1:
  version "0.29.1"
  resolved "https://r.cnpmjs.org/yup/download/yup-0.29.1.tgz#35d25aab470a0c3950f66040ba0ff4b1b6efe0d9"
  integrity sha1-NdJaq0cKDDlQ9mBAug/0sbbv4Nk=
  dependencies:
    "@babel/runtime" "^7.9.6"
    fn-name "~3.0.0"
    lodash "^4.17.15"
    lodash-es "^4.17.11"
    property-expr "^2.0.2"
    synchronous-promise "^2.0.10"
    toposort "^2.0.2"
